{
  "version": 4,
  "terraform_version": "1.14.0",
  "serial": 8,
  "lineage": "50473ee3-430a-0179-1546-514d77bb086c",
  "outputs": {
    "collaborators": {
      "value": {},
      "type": [
        "object",
        {}
      ]
    },
    "default_branch": {
      "value": "main",
      "type": "string"
    },
    "repository_urls": {
      "value": {
        "html": "https://github.com/GDJ4/iac-lab-terraform",
        "http": "https://github.com/GDJ4/iac-lab-terraform.git",
        "ssh": "git@github.com:GDJ4/iac-lab-terraform.git"
      },
      "type": [
        "object",
        {
          "html": "string",
          "http": "string",
          "ssh": "string"
        }
      ]
    },
    "webhooks": {
      "value": {},
      "type": [
        "object",
        {}
      ]
    }
  },
  "resources": [
    {
      "mode": "managed",
      "type": "github_branch_default",
      "name": "default",
      "provider": "provider[\"registry.terraform.io/integrations/github\"]",
      "instances": [
        {
          "schema_version": 0,
          "attributes": {
            "branch": "main",
            "etag": "W/\"207ae35ca713e28ea17b66a976ecd46fbc908e0ec7999e5dc98631a9307f3db2\"",
            "id": "iac-lab-terraform",
            "rename": false,
            "repository": "iac-lab-terraform"
          },
          "sensitive_attributes": [],
          "identity_schema_version": 0,
          "private": "bnVsbA==",
          "dependencies": [
            "github_repository.iac_repo"
          ]
        }
      ]
    },
    {
      "mode": "managed",
      "type": "github_branch_protection",
      "name": "default",
      "provider": "provider[\"registry.terraform.io/integrations/github\"]",
      "instances": [
        {
          "schema_version": 2,
          "attributes": {
            "allows_deletions": false,
            "allows_force_pushes": false,
            "enforce_admins": false,
            "force_push_bypassers": null,
            "id": "BPR_kwDOQqqtXM4EOb-V",
            "lock_branch": false,
            "pattern": "main",
            "repository_id": "R_kgDOQqqtXA",
            "require_conversation_resolution": true,
            "require_signed_commits": true,
            "required_linear_history": true,
            "required_pull_request_reviews": [
              {
                "dismiss_stale_reviews": true,
                "dismissal_restrictions": null,
                "pull_request_bypassers": null,
                "require_code_owner_reviews": false,
                "require_last_push_approval": false,
                "required_approving_review_count": 1,
                "restrict_dismissals": false
              }
            ],
            "required_status_checks": [
              {
                "contexts": [
                  "ci/build"
                ],
                "strict": true
              }
            ],
            "restrict_pushes": []
          },
          "sensitive_attributes": [],
          "identity_schema_version": 0,
          "private": "eyJzY2hlbWFfdmVyc2lvbiI6IjIifQ==",
          "dependencies": [
            "github_branch_default.default",
            "github_repository.iac_repo",
            "github_repository_file.codeowners"
          ]
        }
      ]
    },
    {
      "mode": "managed",
      "type": "github_repository",
      "name": "iac_repo",
      "provider": "provider[\"registry.terraform.io/integrations/github\"]",
      "instances": [
        {
          "schema_version": 1,
          "attributes": {
            "allow_auto_merge": false,
            "allow_merge_commit": true,
            "allow_rebase_merge": true,
            "allow_squash_merge": true,
            "allow_update_branch": false,
            "archive_on_destroy": null,
            "archived": false,
            "auto_init": true,
            "default_branch": "main",
            "delete_branch_on_merge": true,
            "description": "Практическая работа 7.1: Terraform + GitHub",
            "etag": "W/\"207ae35ca713e28ea17b66a976ecd46fbc908e0ec7999e5dc98631a9307f3db2\"",
            "fork": "false",
            "full_name": "GDJ4/iac-lab-terraform",
            "git_clone_url": "git://github.com/GDJ4/iac-lab-terraform.git",
            "gitignore_template": null,
            "has_discussions": false,
            "has_downloads": false,
            "has_issues": true,
            "has_projects": false,
            "has_wiki": false,
            "homepage_url": "",
            "html_url": "https://github.com/GDJ4/iac-lab-terraform",
            "http_clone_url": "https://github.com/GDJ4/iac-lab-terraform.git",
            "id": "iac-lab-terraform",
            "ignore_vulnerability_alerts_during_read": null,
            "is_template": false,
            "license_template": "mit",
            "merge_commit_message": "PR_TITLE",
            "merge_commit_title": "MERGE_MESSAGE",
            "name": "iac-lab-terraform",
            "node_id": "R_kgDOQqqtXA",
            "pages": [],
            "primary_language": "",
            "private": false,
            "repo_id": 1118481756,
            "security_and_analysis": [
              {
                "advanced_security": [],
                "code_security": [],
                "secret_scanning": [
                  {
                    "status": "enabled"
                  }
                ],
                "secret_scanning_ai_detection": [],
                "secret_scanning_non_provider_patterns": [],
                "secret_scanning_push_protection": [
                  {
                    "status": "enabled"
                  }
                ]
              }
            ],
            "source_owner": "",
            "source_repo": "",
            "squash_merge_commit_message": "COMMIT_MESSAGES",
            "squash_merge_commit_title": "COMMIT_OR_PR_TITLE",
            "ssh_clone_url": "git@github.com:GDJ4/iac-lab-terraform.git",
            "svn_url": "https://github.com/GDJ4/iac-lab-terraform",
            "template": [],
            "topics": [
              "github",
              "iac",
              "terraform"
            ],
            "visibility": "public",
            "vulnerability_alerts": true,
            "web_commit_signoff_required": false
          },
          "sensitive_attributes": [],
          "identity_schema_version": 0,
          "private": "eyJzY2hlbWFfdmVyc2lvbiI6IjEifQ=="
        }
      ]
    }
  ],
  "check_results": [
    {
      "object_kind": "var",
      "config_addr": "var.required_review_count",
      "status": "pass",
      "objects": [
        {
          "object_addr": "var.required_review_count",
          "status": "pass"
        }
      ]
    },
    {
      "object_kind": "var",
      "config_addr": "var.repository_visibility",
      "status": "pass",
      "objects": [
        {
          "object_addr": "var.repository_visibility",
          "status": "pass"
        }
      ]
    }
  ]
}
